// !$*UTF8*$!
{
	archiveVersion = 1;
	classes = {
	};
	objectVersion = 55;
	objects = {

/* Begin PBXBuildFile section */
		EF86FC342875679000724713 /* AppDelegate.swift in Sources */ = {isa = PBXBuildFile; fileRef = EF86FC332875679000724713 /* AppDelegate.swift */; };
		EF86FC362875679000724713 /* SceneDelegate.swift in Sources */ = {isa = PBXBuildFile; fileRef = EF86FC352875679000724713 /* SceneDelegate.swift */; };
		EF86FC382875679000724713 /* ViewController.swift in Sources */ = {isa = PBXBuildFile; fileRef = EF86FC372875679000724713 /* ViewController.swift */; };
		EF86FC3B2875679000724713 /* Main.storyboard in Resources */ = {isa = PBXBuildFile; fileRef = EF86FC392875679000724713 /* Main.storyboard */; };
		EF86FC3D2875679100724713 /* Assets.xcassets in Resources */ = {isa = PBXBuildFile; fileRef = EF86FC3C2875679100724713 /* Assets.xcassets */; };
		EF86FC402875679100724713 /* LaunchScreen.storyboard in Resources */ = {isa = PBXBuildFile; fileRef = EF86FC3E2875679100724713 /* LaunchScreen.storyboard */; };
		EF86FC4828756FE300724713 /* MarrytingButton.swift in Sources */ = {isa = PBXBuildFile; fileRef = EF86FC4728756FE300724713 /* MarrytingButton.swift */; };
		EF86FC4A2876CC3600724713 /* CodeBasedViewController.swift in Sources */ = {isa = PBXBuildFile; fileRef = EF86FC492876CC3600724713 /* CodeBasedViewController.swift */; };
		EF86FC4C2876CC7800724713 /* StoryboardBasedViewController.swift in Sources */ = {isa = PBXBuildFile; fileRef = EF86FC4B2876CC7800724713 /* StoryboardBasedViewController.swift */; };
/* End PBXBuildFile section */

/* Begin PBXFileReference section */
		EF86FC302875679000724713 /* CustomButton.app */ = {isa = PBXFileReference; explicitFileType = wrapper.application; includeInIndex = 0; path = CustomButton.app; sourceTree = BUILT_PRODUCTS_DIR; };
		EF86FC332875679000724713 /* AppDelegate.swift */ = {isa = PBXFileReference; lastKnownFileType = sourcecode.swift; path = AppDelegate.swift; sourceTree = "<group>"; };
		EF86FC352875679000724713 /* SceneDelegate.swift */ = {isa = PBXFileReference; lastKnownFileType = sourcecode.swift; path = SceneDelegate.swift; sourceTree = "<group>"; };
		EF86FC372875679000724713 /* ViewController.swift */ = {isa = PBXFileReference; lastKnownFileType = sourcecode.swift; path = ViewController.swift; sourceTree = "<group>"; };
		EF86FC3A2875679000724713 /* Base */ = {isa = PBXFileReference; lastKnownFileType = file.storyboard; name = Base; path = Base.lproj/Main.storyboard; sourceTree = "<group>"; };
		EF86FC3C2875679100724713 /* Assets.xcassets */ = {isa = PBXFileReference; lastKnownFileType = folder.assetcatalog; path = Assets.xcassets; sourceTree = "<group>"; };
		EF86FC3F2875679100724713 /* Base */ = {isa = PBXFileReference; lastKnownFileType = file.storyboard; name = Base; path = Base.lproj/LaunchScreen.storyboard; sourceTree = "<group>"; };
		EF86FC412875679100724713 /* Info.plist */ = {isa = PBXFileReference; lastKnownFileType = text.plist.xml; path = Info.plist; sourceTree = "<group>"; };
		EF86FC4728756FE300724713 /* MarrytingButton.swift */ = {isa = PBXFileReference; lastKnownFileType = sourcecode.swift; path = MarrytingButton.swift; sourceTree = "<group>"; };
		EF86FC492876CC3600724713 /* CodeBasedViewController.swift */ = {isa = PBXFileReference; lastKnownFileType = sourcecode.swift; path = CodeBasedViewController.swift; sourceTree = "<group>"; };
		EF86FC4B2876CC7800724713 /* StoryboardBasedViewController.swift */ = {isa = PBXFileReference; lastKnownFileType = sourcecode.swift; path = StoryboardBasedViewController.swift; sourceTree = "<group>"; };
/* End PBXFileReference section */

/* Begin PBXFrameworksBuildPhase section */
		EF86FC2D2875679000724713 /* Frameworks */ = {
			isa = PBXFrameworksBuildPhase;
			buildActionMask = 2147483647;
			files = (
			);
			runOnlyForDeploymentPostprocessing = 0;
		};
/* End PBXFrameworksBuildPhase section */

/* Begin PBXGroup section */
		EF86FC272875679000724713 = {
			isa = PBXGroup;
			children = (
				EF86FC322875679000724713 /* CustomButton */,
				EF86FC312875679000724713 /* Products */,
			);
			sourceTree = "<group>";
		};
		EF86FC312875679000724713 /* Products */ = {
			isa = PBXGroup;
			children = (
				EF86FC302875679000724713 /* CustomButton.app */,
			);
			name = Products;
			sourceTree = "<group>";
		};
		EF86FC322875679000724713 /* CustomButton */ = {
			isa = PBXGroup;
			children = (
				EF86FC332875679000724713 /* AppDelegate.swift */,
				EF86FC352875679000724713 /* SceneDelegate.swift */,
				EF86FC372875679000724713 /* ViewController.swift */,
				EF86FC492876CC3600724713 /* CodeBasedViewController.swift */,
				EF86FC4B2876CC7800724713 /* StoryboardBasedViewController.swift */,
				EF86FC4728756FE300724713 /* MarrytingButton.swift */,
				EF86FC392875679000724713 /* Main.storyboard */,
				EF86FC3C2875679100724713 /* Assets.xcassets */,
				EF86FC3E2875679100724713 /* LaunchScreen.storyboard */,
				EF86FC412875679100724713 /* Info.plist */,
			);
			path = CustomButton;
			sourceTree = "<group>";
		};
/* End PBXGroup section */

/* Begin PBXNativeTarget section */
		EF86FC2F2875679000724713 /* CustomButton */ = {
			isa = PBXNativeTarget;
			buildConfigurationList = EF86FC442875679100724713 /* Build configuration list for PBXNativeTarget "CustomButton" */;
			buildPhases = (
				EF86FC2C2875679000724713 /* Sources */,
				EF86FC2D2875679000724713 /* Frameworks */,
				EF86FC2E2875679000724713 /* Resources */,
			);
			buildRules = (
			);
			dependencies = (
			);
			name = CustomButton;
			productName = CustomButton;
			productReference = EF86FC302875679000724713 /* CustomButton.app */;
			productType = "com.apple.product-type.application";
		};
/* End PBXNativeTarget section */

/* Begin PBXProject section */
		EF86FC282875679000724713 /* Project object */ = {
			isa = PBXProject;
			attributes = {
				BuildIndependentTargetsInParallel = 1;
				LastSwiftUpdateCheck = 1340;
				LastUpgradeCheck = 1340;
				TargetAttributes = {
					EF86FC2F2875679000724713 = {
						CreatedOnToolsVersion = 13.4.1;
					};
				};
			};
			buildConfigurationList = EF86FC2B2875679000724713 /* Build configuration list for PBXProject "CustomButton" */;
			compatibilityVersion = "Xcode 13.0";
			developmentRegion = en;
			hasScannedForEncodings = 0;
			knownRegions = (
				en,
				Base,
			);
			mainGroup = EF86FC272875679000724713;
			productRefGroup = EF86FC312875679000724713 /* Products */;
			projectDirPath = "";
			projectRoot = "";
			targets = (
				EF86FC2F2875679000724713 /* CustomButton */,
			);
		};
/* End PBXProject section */

/* Begin PBXResourcesBuildPhase section */
		EF86FC2E2875679000724713 /* Resources */ = {
			isa = PBXResourcesBuildPhase;
			buildActionMask = 2147483647;
			files = (
				EF86FC402875679100724713 /* LaunchScreen.storyboard in Resources */,
				EF86FC3D2875679100724713 /* Assets.xcassets in Resources */,
				EF86FC3B2875679000724713 /* Main.storyboard in Resources */,
			);
			runOnlyForDeploymentPostprocessing = 0;
		};
/* End PBXResourcesBuildPhase section */

/* Begin PBXSourcesBuildPhase section */
		EF86FC2C2875679000724713 /* Sources */ = {
			isa = PBXSourcesBuildPhase;
			buildActionMask = 2147483647;
			files = (
				EF86FC4A2876CC3600724713 /* CodeBasedViewController.swift in Sources */,
				EF86FC382875679000724713 /* ViewController.swift in Sources */,
				EF86FC4828756FE300724713 /* MarrytingButton.swift in Sources */,
				EF86FC342875679000724713 /* AppDelegate.swift in Sources */,
				EF86FC362875679000724713 /* SceneDelegate.swift in Sources */,
				EF86FC4C2876CC7800724713 /* StoryboardBasedViewController.swift in Sources */,
			);
			runOnlyForDeploymentPostprocessing = 0;
		};
/* End PBXSourcesBuildPhase section */

/* Begin PBXVariantGroup section */
		EF86FC392875679000724713 /* Main.storyboard */ = {
			isa = PBXVariantGroup;
			children = (
				EF86FC3A2875679000724713 /* Base */,
			);
			name = Main.storyboard;
			sourceTree = "<group>";
		};
		EF86FC3E2875679100724713 /* LaunchScreen.storyboard */ = {
			isa = PBXVariantGroup;
			children = (
				EF86FC3F2875679100724713 /* Base */,
			);
			name = LaunchScreen.storyboard;
			sourceTree = "<group>";
		};
/* End PBXVariantGroup section */

/* Begin XCBuildConfiguration section */
		EF86FC422875679100724713 /* Debug */ = {
			isa = XCBuildConfiguration;
			buildSettings = {
				ALWAYS_SEARCH_USER_PATHS = NO;
				CLANG_ANALYZER_NONNULL = YES;
				CLANG_ANALYZER_NUMBER_OBJECT_CONVERSION = YES_AGGRESSIVE;
				CLANG_CXX_LANGUAGE_STANDARD = "gnu++17";
				CLANG_ENABLE_MODULES = YES;
				CLANG_ENABLE_OBJC_ARC = YES;
				CLANG_ENABLE_OBJC_WEAK = YES;
				CLANG_WARN_BLOCK_CAPTURE_AUTORELEASING = YES;
				CLANG_WARN_BOOL_CONVERSION = YES;
				CLANG_WARN_COMMA = YES;
				CLANG_WARN_CONSTANT_CONVERSION = YES;
				CLANG_WARN_DEPRECATED_OBJC_IMPLEMENTATIONS = YES;
				CLANG_WARN_DIRECT_OBJC_ISA_USAGE = YES_ERROR;
				CLANG_WARN_DOCUMENTATION_COMMENTS = YES;
				CLANG_WARN_EMPTY_BODY = YES;
				CLANG_WARN_ENUM_CONVERSION = YES;
				CLANG_WARN_INFINITE_RECURSION = YES;
				CLANG_WARN_INT_CONVERSION = YES;
				CLANG_WARN_NON_LITERAL_NULL_CONVERSION = YES;
				CLANG_WARN_OBJC_IMPLICIT_RETAIN_SELF = YES;
				CLANG_WARN_OBJC_LITERAL_CONVERSION = YES;
				CLANG_WARN_OBJC_ROOT_CLASS = YES_ERROR;
				CLANG_WARN_QUOTED_INCLUDE_IN_FRAMEWORK_HEADER = YES;
				CLANG_WARN_RANGE_LOOP_ANALYSIS = YES;
				CLANG_WARN_STRICT_PROTOTYPES = YES;
				CLANG_WARN_SUSPICIOUS_MOVE = YES;
				CLANG_WARN_UNGUARDED_AVAILABILITY = YES_AGGRESSIVE;
				CLANG_WARN_UNREACHABLE_CODE = YES;
				CLANG_WARN__DUPLICATE_METHOD_MATCH = YES;
				COPY_PHASE_STRIP = NO;
				DEBUG_INFORMATION_FORMAT = dwarf;
				ENABLE_STRICT_OBJC_MSGSEND = YES;
				ENABLE_TESTABILITY = YES;
				GCC_C_LANGUAGE_STANDARD = gnu11;
				GCC_DYNAMIC_NO_PIC = NO;
				GCC_NO_COMMON_BLOCKS = YES;
				GCC_OPTIMIZATION_LEVEL = 0;
				GCC_PREPROCESSOR_DEFINITIONS = (
					"DEBUG=1",
					"$(inherited)",
				);
				GCC_WARN_64_TO_32_BIT_CONVERSION = YES;
				GCC_WARN_ABOUT_RETURN_TYPE = YES_ERROR;
				GCC_WARN_UNDECLARED_SELECTOR = YES;
				GCC_WARN_UNINITIALIZED_AUTOS = YES_AGGRESSIVE;
				GCC_WARN_UNUSED_FUNCTION = YES;
				GCC_WARN_UNUSED_VARIABLE = YES;
				IPHONEOS_DEPLOYMENT_TARGET = 15.5;
				MTL_ENABLE_DEBUG_INFO = INCLUDE_SOURCE;
				MTL_FAST_MATH = YES;
				ONLY_ACTIVE_ARCH = YES;
				SDKROOT = iphoneos;
				SWIFT_ACTIVE_COMPILATION_CONDITIONS = DEBUG;
				SWIFT_OPTIMIZATION_LEVEL = "-Onone";
			};
			name = Debug;
		};
		EF86FC432875679100724713 /* Release */ = {
			isa = XCBuildConfiguration;
			buildSettings = {
				ALWAYS_SEARCH_USER_PATHS = NO;
				CLANG_ANALYZER_NONNULL = YES;
				CLANG_ANALYZER_NUMBER_OBJECT_CONVERSION = YES_AGGRESSIVE;
				CLANG_CXX_LANGUAGE_STANDARD = "gnu++17";
				CLANG_ENABLE_MODULES = YES;
				CLANG_ENABLE_OBJC_ARC = YES;
				CLANG_ENABLE_OBJC_WEAK = YES;
				CLANG_WARN_BLOCK_CAPTURE_AUTORELEASING = YES;
				CLANG_WARN_BOOL_CONVERSION = YES;
				CLANG_WARN_COMMA = YES;
				CLANG_WARN_CONSTANT_CONVERSION = YES;
				CLANG_WARN_DEPRECATED_OBJC_IMPLEMENTATIONS = YES;
				CLANG_WARN_DIRECT_OBJC_ISA_USAGE = YES_ERROR;
				CLANG_WARN_DOCUMENTATION_COMMENTS = YES;
				CLANG_WARN_EMPTY_BODY = YES;
				CLANG_WARN_ENUM_CONVERSION = YES;
				CLANG_WARN_INFINITE_RECURSION = YES;
				CLANG_WARN_INT_CONVERSION = YES;
				CLANG_WARN_NON_LITERAL_NULL_CONVERSION = YES;
				CLANG_WARN_OBJC_IMPLICIT_RETAIN_SELF = YES;
				CLANG_WARN_OBJC_LITERAL_CONVERSION = YES;
				CLANG_WARN_OBJC_ROOT_CLASS = YES_ERROR;
				CLANG_WARN_QUOTED_INCLUDE_IN_FRAMEWORK_HEADER = YES;
				CLANG_WARN_RANGE_LOOP_ANALYSIS = YES;
				CLANG_WARN_STRICT_PROTOTYPES = YES;
				CLANG_WARN_SUSPICIOUS_MOVE = YES;
				CLANG_WARN_UNGUARDED_AVAILABILITY = YES_AGGRESSIVE;
				CLANG_WARN_UNREACHABLE_CODE = YES;
				CLANG_WARN__DUPLICATE_METHOD_MATCH = YES;
				COPY_PHASE_STRIP = NO;
				DEBUG_INFORMATION_FORMAT = "dwarf-with-dsym";
				ENABLE_NS_ASSERTIONS = NO;
				ENABLE_STRICT_OBJC_MSGSEND = YES;
				GCC_C_LANGUAGE_STANDARD = gnu11;
				GCC_NO_COMMON_BLOCKS = YES;
				GCC_WARN_64_TO_32_BIT_CONVERSION = YES;
				GCC_WARN_ABOUT_RETURN_TYPE = YES_ERROR;
				GCC_WARN_UNDECLARED_SELECTOR = YES;
				GCC_WARN_UNINITIALIZED_AUTOS = YES_AGGRESSIVE;
				GCC_WARN_UNUSED_FUNCTION = YES;
				GCC_WARN_UNUSED_VARIABLE = YES;
				IPHONEOS_DEPLOYMENT_TARGET = 15.5;
				MTL_ENABLE_DEBUG_INFO = NO;
				MTL_FAST_MATH = YES;
				SDKROOT = iphoneos;
				SWIFT_COMPILATION_MODE = wholemodule;
				SWIFT_OPTIMIZATION_LEVEL = "-O";
				VALIDATE_PRODUCT = YES;
			};
			name = Release;
		};
		EF86FC452875679100724713 /* Debug */ = {
			isa = XCBuildConfiguration;
			buildSettings = {
				ASSETCATALOG_COMPILER_APPICON_NAME = AppIcon;
				ASSETCATALOG_COMPILER_GLOBAL_ACCENT_COLOR_NAME = AccentColor;
				CODE_SIGN_STYLE = Automatic;
				CURRENT_PROJECT_VERSION = 1;
				GENERATE_INFOPLIST_FILE = YES;
				INFOPLIST_FILE = CustomButton/Info.plist;
				INFOPLIST_KEY_UIApplicationSupportsIndirectInputEvents = YES;
				INFOPLIST_KEY_UILaunchStoryboardName = LaunchScreen;
				INFOPLIST_KEY_UIMainStoryboardFile = Main;
				INFOPLIST_KEY_UISupportedInterfaceOrientations_iPad = "UIInterfaceOrientationPortrait UIInterfaceOrientationPortraitUpsideDown UIInterfaceOrientationLandscapeLeft UIInterfaceOrientationLandscapeRight";
				INFOPLIST_KEY_UISupportedInterfaceOrientations_iPhone = "UIInterfaceOrientationPortrait UIInterfaceOrientationLandscapeLeft UIInterfaceOrientationLandscapeRight";
				LD_RUNPATH_SEARCH_PATHS = (
					"$(inherited)",
					"@executable_path/Frameworks",
				);
				MARKETING_VERSION = 1.0;
				PRODUCT_BUNDLE_IDENTIFIER = com.woody.CustomButton;
				PRODUCT_NAME = "$(TARGET_NAME)";
				SWIFT_EMIT_LOC_STRINGS = YES;
				SWIFT_VERSION = 5.0;
				TARGETED_DEVICE_FAMILY = "1,2";
			};
			name = Debug;
		};
		EF86FC462875679100724713 /* Release */ = {
			isa = XCBuildConfiguration;
			buildSettings = {
				ASSETCATALOG_COMPILER_APPICON_NAME = AppIcon;
				ASSETCATALOG_COMPILER_GLOBAL_ACCENT_COLOR_NAME = AccentColor;
				CODE_SIGN_STYLE = Automatic;
				CURRENT_PROJECT_VERSION = 1;
				GENERATE_INFOPLIST_FILE = YES;
				INFOPLIST_FILE = CustomButton/Info.plist;
				INFOPLIST_KEY_UIApplicationSupportsIndirectInputEvents = YES;
				INFOPLIST_KEY_UILaunchStoryboardName = LaunchScreen;
				INFOPLIST_KEY_UIMainStoryboardFile = Main;
				INFOPLIST_KEY_UISupportedInterfaceOrientations_iPad = "UIInterfaceOrientationPortrait UIInterfaceOrientationPortraitUpsideDown UIInterfaceOrientationLandscapeLeft UIInterfaceOrientationLandscapeRight";
				INFOPLIST_KEY_UISupportedInterfaceOrientations_iPhone = "UIInterfaceOrientationPortrait UIInterfaceOrientationLandscapeLeft UIInterfaceOrientationLandscapeRight";
				LD_RUNPATH_SEARCH_PATHS = (
					"$(inherited)",
					"@executable_path/Frameworks",
				);
				MARKETING_VERSION = 1.0;
				PRODUCT_BUNDLE_IDENTIFIER = com.woody.CustomButton;
				PRODUCT_NAME = "$(TARGET_NAME)";
				SWIFT_EMIT_LOC_STRINGS = YES;
				SWIFT_VERSION = 5.0;
				TARGETED_DEVICE_FAMILY = "1,2";
			};
			name = Release;
		};
/* End XCBuildConfiguration section */

/* Begin XCConfigurationList section */
		EF86FC2B2875679000724713 /* Build configuration list for PBXProject "CustomButton" */ = {
			isa = XCConfigurationList;
			buildConfigurations = (
				EF86FC422875679100724713 /* Debug */,
				EF86FC432875679100724713 /* Release */,
			);
			defaultConfigurationIsVisible = 0;
			defaultConfigurationName = Release;
		};
		EF86FC442875679100724713 /* Build configuration list for PBXNativeTarget "CustomButton" */ = {
			isa = XCConfigurationList;
			buildConfigurations = (
				EF86FC452875679100724713 /* Debug */,
				EF86FC462875679100724713 /* Release */,
			);
			defaultConfigurationIsVisible = 0;
			defaultConfigurationName = Release;
		};
/* End XCConfigurationList section */
	};
	rootObject = EF86FC282875679000724713 /* Project object */;
}
